
Microsoft Visual Studio Solution File, Format Version 12.00
# Visual Studio Version 17
VisualStudioVersion = 17.12.35707.178
MinimumVisualStudioVersion = 10.0.40219.1
Project("{2150E333-8FDC-42A3-9474-1A3956D46DE8}") = "Web", "Web", "{E4E4A633-FBD3-48AA-B328-96BC858B74CE}"
EndProject
Project("{2150E333-8FDC-42A3-9474-1A3956D46DE8}") = "Database", "Database", "{0257E68C-49C7-4677-B6D6-1868E23FCF17}"
EndProject
Project("{FAE04EC0-301F-11D3-BF4B-00C04F79EFBC}") = "InsideTeste.QueryStore", "InsideTeste.QueryStore\InsideTeste.QueryStore.csproj", "{CB1F7F29-FC8A-4C63-B49A-9C849F64F416}"
EndProject
Project("{FAE04EC0-301F-11D3-BF4B-00C04F79EFBC}") = "InsideTeste.CommandStore", "InsideTeste.CommandStore\InsideTeste.CommandStore.csproj", "{DCA82DF0-0725-4720-9382-96B1D22FD765}"
EndProject
Project("{2150E333-8FDC-42A3-9474-1A3956D46DE8}") = "Infrastructure", "Infrastructure", "{3B263785-927E-4F32-BA26-8910F78A1C6D}"
EndProject
Project("{2150E333-8FDC-42A3-9474-1A3956D46DE8}") = "Tests", "Tests", "{2A50B5A3-D22D-43E3-B760-E982F971AD93}"
EndProject
Project("{2150E333-8FDC-42A3-9474-1A3956D46DE8}") = "Domain", "Domain", "{018FF57A-1885-4929-85AD-2B7934D87FCD}"
EndProject
Project("{FAE04EC0-301F-11D3-BF4B-00C04F79EFBC}") = "InsideTeste", "InsideTeste\InsideTeste.csproj", "{82533662-C89D-436F-911A-EC3381BFD148}"
EndProject
Project("{FAE04EC0-301F-11D3-BF4B-00C04F79EFBC}") = "InsideTeste.Api", "InsideTeste.Api\InsideTeste.Api.csproj", "{210C1455-F460-4AD8-9197-4ECDB0C9A7D7}"
EndProject
Project("{FAE04EC0-301F-11D3-BF4B-00C04F79EFBC}") = "InsideTeste.Database", "InsideTeste.DbContext\InsideTeste.Database.csproj", "{2A4C6015-F317-4A11-B861-2B4647BE7BCF}"
EndProject
Project("{FAE04EC0-301F-11D3-BF4B-00C04F79EFBC}") = "Inside.Teste.Enumerator", "Inside.Teste.Enumerator\Inside.Teste.Enumerator.csproj", "{21CC3B77-EED1-4213-AB5A-2943247C178D}"
EndProject
Project("{FAE04EC0-301F-11D3-BF4B-00C04F79EFBC}") = "InsideTeste.Language", "InsideTeste.Language\InsideTeste.Language.csproj", "{B0F29724-907D-451D-875A-CF0653393986}"
EndProject
Project("{FAE04EC0-301F-11D3-BF4B-00C04F79EFBC}") = "InsideTeste.UnitTest", "InsideTeste.UnitTest\InsideTeste.UnitTest.csproj", "{9C52FD70-AFCE-4CCB-9641-C94EA5C0C725}"
EndProject
Global
	GlobalSection(SolutionConfigurationPlatforms) = preSolution
		Debug|Any CPU = Debug|Any CPU
		Release|Any CPU = Release|Any CPU
	EndGlobalSection
	GlobalSection(ProjectConfigurationPlatforms) = postSolution
		{CB1F7F29-FC8A-4C63-B49A-9C849F64F416}.Debug|Any CPU.ActiveCfg = Debug|Any CPU
		{CB1F7F29-FC8A-4C63-B49A-9C849F64F416}.Debug|Any CPU.Build.0 = Debug|Any CPU
		{CB1F7F29-FC8A-4C63-B49A-9C849F64F416}.Release|Any CPU.ActiveCfg = Release|Any CPU
		{CB1F7F29-FC8A-4C63-B49A-9C849F64F416}.Release|Any CPU.Build.0 = Release|Any CPU
		{DCA82DF0-0725-4720-9382-96B1D22FD765}.Debug|Any CPU.ActiveCfg = Debug|Any CPU
		{DCA82DF0-0725-4720-9382-96B1D22FD765}.Debug|Any CPU.Build.0 = Debug|Any CPU
		{DCA82DF0-0725-4720-9382-96B1D22FD765}.Release|Any CPU.ActiveCfg = Release|Any CPU
		{DCA82DF0-0725-4720-9382-96B1D22FD765}.Release|Any CPU.Build.0 = Release|Any CPU
		{82533662-C89D-436F-911A-EC3381BFD148}.Debug|Any CPU.ActiveCfg = Debug|Any CPU
		{82533662-C89D-436F-911A-EC3381BFD148}.Debug|Any CPU.Build.0 = Debug|Any CPU
		{82533662-C89D-436F-911A-EC3381BFD148}.Release|Any CPU.ActiveCfg = Release|Any CPU
		{82533662-C89D-436F-911A-EC3381BFD148}.Release|Any CPU.Build.0 = Release|Any CPU
		{210C1455-F460-4AD8-9197-4ECDB0C9A7D7}.Debug|Any CPU.ActiveCfg = Debug|Any CPU
		{210C1455-F460-4AD8-9197-4ECDB0C9A7D7}.Debug|Any CPU.Build.0 = Debug|Any CPU
		{210C1455-F460-4AD8-9197-4ECDB0C9A7D7}.Release|Any CPU.ActiveCfg = Release|Any CPU
		{210C1455-F460-4AD8-9197-4ECDB0C9A7D7}.Release|Any CPU.Build.0 = Release|Any CPU
		{2A4C6015-F317-4A11-B861-2B4647BE7BCF}.Debug|Any CPU.ActiveCfg = Debug|Any CPU
		{2A4C6015-F317-4A11-B861-2B4647BE7BCF}.Debug|Any CPU.Build.0 = Debug|Any CPU
		{2A4C6015-F317-4A11-B861-2B4647BE7BCF}.Release|Any CPU.ActiveCfg = Release|Any CPU
		{2A4C6015-F317-4A11-B861-2B4647BE7BCF}.Release|Any CPU.Build.0 = Release|Any CPU
		{21CC3B77-EED1-4213-AB5A-2943247C178D}.Debug|Any CPU.ActiveCfg = Debug|Any CPU
		{21CC3B77-EED1-4213-AB5A-2943247C178D}.Debug|Any CPU.Build.0 = Debug|Any CPU
		{21CC3B77-EED1-4213-AB5A-2943247C178D}.Release|Any CPU.ActiveCfg = Release|Any CPU
		{21CC3B77-EED1-4213-AB5A-2943247C178D}.Release|Any CPU.Build.0 = Release|Any CPU
		{B0F29724-907D-451D-875A-CF0653393986}.Debug|Any CPU.ActiveCfg = Debug|Any CPU
		{B0F29724-907D-451D-875A-CF0653393986}.Debug|Any CPU.Build.0 = Debug|Any CPU
		{B0F29724-907D-451D-875A-CF0653393986}.Release|Any CPU.ActiveCfg = Release|Any CPU
		{B0F29724-907D-451D-875A-CF0653393986}.Release|Any CPU.Build.0 = Release|Any CPU
		{9C52FD70-AFCE-4CCB-9641-C94EA5C0C725}.Debug|Any CPU.ActiveCfg = Debug|Any CPU
		{9C52FD70-AFCE-4CCB-9641-C94EA5C0C725}.Debug|Any CPU.Build.0 = Debug|Any CPU
		{9C52FD70-AFCE-4CCB-9641-C94EA5C0C725}.Release|Any CPU.ActiveCfg = Release|Any CPU
		{9C52FD70-AFCE-4CCB-9641-C94EA5C0C725}.Release|Any CPU.Build.0 = Release|Any CPU
	EndGlobalSection
	GlobalSection(SolutionProperties) = preSolution
		HideSolutionNode = FALSE
	EndGlobalSection
	GlobalSection(NestedProjects) = preSolution
		{E4E4A633-FBD3-48AA-B328-96BC858B74CE} = {3B263785-927E-4F32-BA26-8910F78A1C6D}
		{0257E68C-49C7-4677-B6D6-1868E23FCF17} = {3B263785-927E-4F32-BA26-8910F78A1C6D}
		{CB1F7F29-FC8A-4C63-B49A-9C849F64F416} = {0257E68C-49C7-4677-B6D6-1868E23FCF17}
		{DCA82DF0-0725-4720-9382-96B1D22FD765} = {0257E68C-49C7-4677-B6D6-1868E23FCF17}
		{82533662-C89D-436F-911A-EC3381BFD148} = {018FF57A-1885-4929-85AD-2B7934D87FCD}
		{210C1455-F460-4AD8-9197-4ECDB0C9A7D7} = {E4E4A633-FBD3-48AA-B328-96BC858B74CE}
		{2A4C6015-F317-4A11-B861-2B4647BE7BCF} = {0257E68C-49C7-4677-B6D6-1868E23FCF17}
		{21CC3B77-EED1-4213-AB5A-2943247C178D} = {018FF57A-1885-4929-85AD-2B7934D87FCD}
		{B0F29724-907D-451D-875A-CF0653393986} = {018FF57A-1885-4929-85AD-2B7934D87FCD}
		{9C52FD70-AFCE-4CCB-9641-C94EA5C0C725} = {2A50B5A3-D22D-43E3-B760-E982F971AD93}
	EndGlobalSection
EndGlobal
